
Microsoft Visual Studio Solution File, Format Version 12.00
# Visual Studio Version 16
VisualStudioVersion = 16.0.31702.278
MinimumVisualStudioVersion = 10.0.40219.1
Project("{FAE04EC0-301F-11D3-BF4B-00C04F79EFBC}") = "AppJavascript_JQuery", "AppJavascript_JQuery\AppJavascript_JQuery.csproj", "{9ACC30DB-F654-4DAE-A74D-6E40EDD7F505}"
EndProject
Global
	GlobalSection(SolutionConfigurationPlatforms) = preSolution
		Debug|Any CPU = Debug|Any CPU
		Release|Any CPU = Release|Any CPU
	EndGlobalSection
	GlobalSection(ProjectConfigurationPlatforms) = postSolution
		{9ACC30DB-F654-4DAE-A74D-6E40EDD7F505}.Debug|Any CPU.ActiveCfg = Debug|Any CPU
		{9ACC30DB-F654-4DAE-A74D-6E40EDD7F505}.Debug|Any CPU.Build.0 = Debug|Any CPU
		{9ACC30DB-F654-4DAE-A74D-6E40EDD7F505}.Release|Any CPU.ActiveCfg = Release|Any CPU
		{9ACC30DB-F654-4DAE-A74D-6E40EDD7F505}.Release|Any CPU.Build.0 = Release|Any CPU
	EndGlobalSection
	GlobalSection(SolutionProperties) = preSolution
		HideSolutionNode = FALSE
	EndGlobalSection
	GlobalSection(ExtensibilityGlobals) = postSolution
		SolutionGuid = {8F696823-1693-4935-88C0-A8A40F2023CB}
	EndGlobalSection
EndGlobal
